{
  "name": "uneval.js",
  "version": "4.0.1",
  "lockfileVersion": 2,
  "requires": true,
  "packages": {
    "": {
      "name": "uneval.js",
      "version": "4.0.1",
      "license": "ISC",
      "dependencies": {
        "internal-prop": "^1.1.1"
      }
    },
    "node_modules/internal-prop": {
      "version": "1.1.1",
      "resolved": "https://registry.npmjs.org/internal-prop/-/internal-prop-1.1.1.tgz",
      "integrity": "sha512-A5TzuhFruwGG6Np9O9xFdTsqZ8gVmA1bBi85YGXaehvKoamqQfWGGtKmiAQGsQ57RjuLfAO8APLjxZhTpqpZdA==",
      "hasInstallScript": true
    }
  },
  "dependencies": {
    "internal-prop": {
      "version": "1.1.1",
      "resolved": "https://registry.npmjs.org/internal-prop/-/internal-prop-1.1.1.tgz",
      "integrity": "sha512-A5TzuhFruwGG6Np9O9xFdTsqZ8gVmA1bBi85YGXaehvKoamqQfWGGtKmiAQGsQ57RjuLfAO8APLjxZhTpqpZdA=="
    }
  }
}
